// !$*UTF8*$!
{
	archiveVersion = 1;
	classes = {
	};
	objectVersion = 46;
	objects = {

/* Begin PBXBuildFile section */
		04745E9F1E51352D004D5EE1 /* main.m in Sources */ = {isa = PBXBuildFile; fileRef = 04745E9E1E51352D004D5EE1 /* main.m */; };
		04745EA21E51352D004D5EE1 /* AppDelegate.m in Sources */ = {isa = PBXBuildFile; fileRef = 04745EA11E51352D004D5EE1 /* AppDelegate.m */; };
		04745EA51E51352D004D5EE1 /* ViewController.m in Sources */ = {isa = PBXBuildFile; fileRef = 04745EA41E51352D004D5EE1 /* ViewController.m */; };
		04745EA81E51352D004D5EE1 /* Main.storyboard in Resources */ = {isa = PBXBuildFile; fileRef = 04745EA61E51352D004D5EE1 /* Main.storyboard */; };
		04745EAA1E51352D004D5EE1 /* Assets.xcassets in Resources */ = {isa = PBXBuildFile; fileRef = 04745EA91E51352D004D5EE1 /* Assets.xcassets */; };
		04745EAD1E51352D004D5EE1 /* LaunchScreen.storyboard in Resources */ = {isa = PBXBuildFile; fileRef = 04745EAB1E51352D004D5EE1 /* LaunchScreen.storyboard */; };
		04745EB81E51352D004D5EE1 /* TableViewLoadImageTests.m in Sources */ = {isa = PBXBuildFile; fileRef = 04745EB71E51352D004D5EE1 /* TableViewLoadImageTests.m */; };
		04745EC31E51352D004D5EE1 /* TableViewLoadImageUITests.m in Sources */ = {isa = PBXBuildFile; fileRef = 04745EC21E51352D004D5EE1 /* TableViewLoadImageUITests.m */; };
		04745ED11E514EE2004D5EE1 /* 12.jpeg in Resources */ = {isa = PBXBuildFile; fileRef = 04745ED01E514EE2004D5EE1 /* 12.jpeg */; };
		F846080FDF04FCC82D12B0B3 /* Pods_TableViewLoadImage.framework in Frameworks */ = {isa = PBXBuildFile; fileRef = 6BA423E28AD74741F37ADA04 /* Pods_TableViewLoadImage.framework */; };
/* End PBXBuildFile section */

/* Begin PBXContainerItemProxy section */
		04745EB41E51352D004D5EE1 /* PBXContainerItemProxy */ = {
			isa = PBXContainerItemProxy;
			containerPortal = 04745E921E51352C004D5EE1 /* Project object */;
			proxyType = 1;
			remoteGlobalIDString = 04745E991E51352C004D5EE1;
			remoteInfo = TableViewLoadImage;
		};
		04745EBF1E51352D004D5EE1 /* PBXContainerItemProxy */ = {
			isa = PBXContainerItemProxy;
			containerPortal = 04745E921E51352C004D5EE1 /* Project object */;
			proxyType = 1;
			remoteGlobalIDString = 04745E991E51352C004D5EE1;
			remoteInfo = TableViewLoadImage;
		};
/* End PBXContainerItemProxy section */

/* Begin PBXFileReference section */
		01FCAD0FDE13D40FDB335926 /* Pods-TableViewLoadImage.debug.xcconfig */ = {isa = PBXFileReference; includeInIndex = 1; lastKnownFileType = text.xcconfig; name = "Pods-TableViewLoadImage.debug.xcconfig"; path = "Pods/Target Support Files/Pods-TableViewLoadImage/Pods-TableViewLoadImage.debug.xcconfig"; sourceTree = "<group>"; };
		04745E9A1E51352D004D5EE1 /* TableViewLoadImage.app */ = {isa = PBXFileReference; explicitFileType = wrapper.application; includeInIndex = 0; path = TableViewLoadImage.app; sourceTree = BUILT_PRODUCTS_DIR; };
		04745E9E1E51352D004D5EE1 /* main.m */ = {isa = PBXFileReference; lastKnownFileType = sourcecode.c.objc; path = main.m; sourceTree = "<group>"; };
		04745EA01E51352D004D5EE1 /* AppDelegate.h */ = {isa = PBXFileReference; lastKnownFileType = sourcecode.c.h; path = AppDelegate.h; sourceTree = "<group>"; };
		04745EA11E51352D004D5EE1 /* AppDelegate.m */ = {isa = PBXFileReference; lastKnownFileType = sourcecode.c.objc; path = AppDelegate.m; sourceTree = "<group>"; };
		04745EA31E51352D004D5EE1 /* ViewController.h */ = {isa = PBXFileReference; lastKnownFileType = sourcecode.c.h; path = ViewController.h; sourceTree = "<group>"; };
		04745EA41E51352D004D5EE1 /* ViewController.m */ = {isa = PBXFileReference; lastKnownFileType = sourcecode.c.objc; path = ViewController.m; sourceTree = "<group>"; };
		04745EA71E51352D004D5EE1 /* Base */ = {isa = PBXFileReference; lastKnownFileType = file.storyboard; name = Base; path = Base.lproj/Main.storyboard; sourceTree = "<group>"; };
		04745EA91E51352D004D5EE1 /* Assets.xcassets */ = {isa = PBXFileReference; lastKnownFileType = folder.assetcatalog; path = Assets.xcassets; sourceTree = "<group>"; };
		04745EAC1E51352D004D5EE1 /* Base */ = {isa = PBXFileReference; lastKnownFileType = file.storyboard; name = Base; path = Base.lproj/LaunchScreen.storyboard; sourceTree = "<group>"; };
		04745EAE1E51352D004D5EE1 /* Info.plist */ = {isa = PBXFileReference; lastKnownFileType = text.plist.xml; path = Info.plist; sourceTree = "<group>"; };
		04745EB31E51352D004D5EE1 /* TableViewLoadImageTests.xctest */ = {isa = PBXFileReference; explicitFileType = wrapper.cfbundle; includeInIndex = 0; path = TableViewLoadImageTests.xctest; sourceTree = BUILT_PRODUCTS_DIR; };
		04745EB71E51352D004D5EE1 /* TableViewLoadImageTests.m */ = {isa = PBXFileReference; lastKnownFileType = sourcecode.c.objc; path = TableViewLoadImageTests.m; sourceTree = "<group>"; };
		04745EB91E51352D004D5EE1 /* Info.plist */ = {isa = PBXFileReference; lastKnownFileType = text.plist.xml; path = Info.plist; sourceTree = "<group>"; };
		04745EBE1E51352D004D5EE1 /* TableViewLoadImageUITests.xctest */ = {isa = PBXFileReference; explicitFileType = wrapper.cfbundle; includeInIndex = 0; path = TableViewLoadImageUITests.xctest; sourceTree = BUILT_PRODUCTS_DIR; };
		04745EC21E51352D004D5EE1 /* TableViewLoadImageUITests.m */ = {isa = PBXFileReference; lastKnownFileType = sourcecode.c.objc; path = TableViewLoadImageUITests.m; sourceTree = "<group>"; };
		04745EC41E51352D004D5EE1 /* Info.plist */ = {isa = PBXFileReference; lastKnownFileType = text.plist.xml; path = Info.plist; sourceTree = "<group>"; };
		04745ED01E514EE2004D5EE1 /* 12.jpeg */ = {isa = PBXFileReference; lastKnownFileType = image.jpeg; path = 12.jpeg; sourceTree = "<group>"; };
		37F7D0B4DDF6984211980ECB /* Pods-TableViewLoadImage.release.xcconfig */ = {isa = PBXFileReference; includeInIndex = 1; lastKnownFileType = text.xcconfig; name = "Pods-TableViewLoadImage.release.xcconfig"; path = "Pods/Target Support Files/Pods-TableViewLoadImage/Pods-TableViewLoadImage.release.xcconfig"; sourceTree = "<group>"; };
		6BA423E28AD74741F37ADA04 /* Pods_TableViewLoadImage.framework */ = {isa = PBXFileReference; explicitFileType = wrapper.framework; includeInIndex = 0; path = Pods_TableViewLoadImage.framework; sourceTree = BUILT_PRODUCTS_DIR; };
/* End PBXFileReference section */

/* Begin PBXFrameworksBuildPhase section */
		04745E971E51352C004D5EE1 /* Frameworks */ = {
			isa = PBXFrameworksBuildPhase;
			buildActionMask = 2147483647;
			files = (
				F846080FDF04FCC82D12B0B3 /* Pods_TableViewLoadImage.framework in Frameworks */,
			);
			runOnlyForDeploymentPostprocessing = 0;
		};
		04745EB01E51352D004D5EE1 /* Frameworks */ = {
			isa = PBXFrameworksBuildPhase;
			buildActionMask = 2147483647;
			files = (
			);
			runOnlyForDeploymentPostprocessing = 0;
		};
		04745EBB1E51352D004D5EE1 /* Frameworks */ = {
			isa = PBXFrameworksBuildPhase;
			buildActionMask = 2147483647;
			files = (
			);
			runOnlyForDeploymentPostprocessing = 0;
		};
/* End PBXFrameworksBuildPhase section */

/* Begin PBXGroup section */
		04745E911E51352C004D5EE1 = {
			isa = PBXGroup;
			children = (
				04745E9C1E51352D004D5EE1 /* TableViewLoadImage */,
				04745EB61E51352D004D5EE1 /* TableViewLoadImageTests */,
				04745EC11E51352D004D5EE1 /* TableViewLoadImageUITests */,
				04745E9B1E51352D004D5EE1 /* Products */,
				5197055F5353207179D0D343 /* Pods */,
				369EDDEA77457A07149F4852 /* Frameworks */,
			);
			sourceTree = "<group>";
		};
		04745E9B1E51352D004D5EE1 /* Products */ = {
			isa = PBXGroup;
			children = (
				04745E9A1E51352D004D5EE1 /* TableViewLoadImage.app */,
				04745EB31E51352D004D5EE1 /* TableViewLoadImageTests.xctest */,
				04745EBE1E51352D004D5EE1 /* TableViewLoadImageUITests.xctest */,
			);
			name = Products;
			sourceTree = "<group>";
		};
		04745E9C1E51352D004D5EE1 /* TableViewLoadImage */ = {
			isa = PBXGroup;
			children = (
				04745ED01E514EE2004D5EE1 /* 12.jpeg */,
				04745EA01E51352D004D5EE1 /* AppDelegate.h */,
				04745EA11E51352D004D5EE1 /* AppDelegate.m */,
				04745EA31E51352D004D5EE1 /* ViewController.h */,
				04745EA41E51352D004D5EE1 /* ViewController.m */,
				04745EA61E51352D004D5EE1 /* Main.storyboard */,
				04745EA91E51352D004D5EE1 /* Assets.xcassets */,
				04745EAB1E51352D004D5EE1 /* LaunchScreen.storyboard */,
				04745EAE1E51352D004D5EE1 /* Info.plist */,
				04745E9D1E51352D004D5EE1 /* Supporting Files */,
			);
			path = TableViewLoadImage;
			sourceTree = "<group>";
		};
		04745E9D1E51352D004D5EE1 /* Supporting Files */ = {
			isa = PBXGroup;
			children = (
				04745E9E1E51352D004D5EE1 /* main.m */,
			);
			name = "Supporting Files";
			sourceTree = "<group>";
		};
		04745EB61E51352D004D5EE1 /* TableViewLoadImageTests */ = {
			isa = PBXGroup;
			children = (
				04745EB71E51352D004D5EE1 /* TableViewLoadImageTests.m */,
				04745EB91E51352D004D5EE1 /* Info.plist */,
			);
			path = TableViewLoadImageTests;
			sourceTree = "<group>";
		};
		04745EC11E51352D004D5EE1 /* TableViewLoadImageUITests */ = {
			isa = PBXGroup;
			children = (
				04745EC21E51352D004D5EE1 /* TableViewLoadImageUITests.m */,
				04745EC41E51352D004D5EE1 /* Info.plist */,
			);
			path = TableViewLoadImageUITests;
			sourceTree = "<group>";
		};
		369EDDEA77457A07149F4852 /* Frameworks */ = {
			isa = PBXGroup;
			children = (
				6BA423E28AD74741F37ADA04 /* Pods_TableViewLoadImage.framework */,
			);
			name = Frameworks;
			sourceTree = "<group>";
		};
		5197055F5353207179D0D343 /* Pods */ = {
			isa = PBXGroup;
			children = (
				01FCAD0FDE13D40FDB335926 /* Pods-TableViewLoadImage.debug.xcconfig */,
				37F7D0B4DDF6984211980ECB /* Pods-TableViewLoadImage.release.xcconfig */,
			);
			name = Pods;
			sourceTree = "<group>";
		};
/* End PBXGroup section */

/* Begin PBXNativeTarget section */
		04745E991E51352C004D5EE1 /* TableViewLoadImage */ = {
			isa = PBXNativeTarget;
			buildConfigurationList = 04745EC71E51352D004D5EE1 /* Build configuration list for PBXNativeTarget "TableViewLoadImage" */;
			buildPhases = (
				6AD10EFF3D158DE6AFA20220 /* [CP] Check Pods Manifest.lock */,
				04745E961E51352C004D5EE1 /* Sources */,
				04745E971E51352C004D5EE1 /* Frameworks */,
				04745E981E51352C004D5EE1 /* Resources */,
				CA7A07A8267E8CDF4A674374 /* [CP] Embed Pods Frameworks */,
				89BBA909B1B914D16D07B98E /* [CP] Copy Pods Resources */,
			);
			buildRules = (
			);
			dependencies = (
			);
			name = TableViewLoadImage;
			productName = TableViewLoadImage;
			productReference = 04745E9A1E51352D004D5EE1 /* TableViewLoadImage.app */;
			productType = "com.apple.product-type.application";
		};
		04745EB21E51352D004D5EE1 /* TableViewLoadImageTests */ = {
			isa = PBXNativeTarget;
			buildConfigurationList = 04745ECA1E51352D004D5EE1 /* Build configuration list for PBXNativeTarget "TableViewLoadImageTests" */;
			buildPhases = (
				04745EAF1E51352D004D5EE1 /* Sources */,
				04745EB01E51352D004D5EE1 /* Frameworks */,
				04745EB11E51352D004D5EE1 /* Resources */,
			);
			buildRules = (
			);
			dependencies = (
				04745EB51E51352D004D5EE1 /* PBXTargetDependency */,
			);
			name = TableViewLoadImageTests;
			productName = TableViewLoadImageTests;
			productReference = 04745EB31E51352D004D5EE1 /* TableViewLoadImageTests.xctest */;
			productType = "com.apple.product-type.bundle.unit-test";
		};
		04745EBD1E51352D004D5EE1 /* TableViewLoadImageUITests */ = {
			isa = PBXNativeTarget;
			buildConfigurationList = 04745ECD1E51352D004D5EE1 /* Build configuration list for PBXNativeTarget "TableViewLoadImageUITests" */;
			buildPhases = (
				04745EBA1E51352D004D5EE1 /* Sources */,
				04745EBB1E51352D004D5EE1 /* Frameworks */,
				04745EBC1E51352D004D5EE1 /* Resources */,
			);
			buildRules = (
			);
			dependencies = (
				04745EC01E51352D004D5EE1 /* PBXTargetDependency */,
			);
			name = TableViewLoadImageUITests;
			productName = TableViewLoadImageUITests;
			productReference = 04745EBE1E51352D004D5EE1 /* TableViewLoadImageUITests.xctest */;
			productType = "com.apple.product-type.bundle.ui-testing";
		};
/* End PBXNativeTarget section */

/* Begin PBXProject section */
		04745E921E51352C004D5EE1 /* Project object */ = {
			isa = PBXProject;
			attributes = {
				LastUpgradeCheck = 0810;
				ORGANIZATIONNAME = MAC;
				TargetAttributes = {
					04745E991E51352C004D5EE1 = {
						CreatedOnToolsVersion = 8.1;
						DevelopmentTeam = A8X9HM6ZW7;
						ProvisioningStyle = Automatic;
					};
					04745EB21E51352D004D5EE1 = {
						CreatedOnToolsVersion = 8.1;
						ProvisioningStyle = Automatic;
						TestTargetID = 04745E991E51352C004D5EE1;
					};
					04745EBD1E51352D004D5EE1 = {
						CreatedOnToolsVersion = 8.1;
						ProvisioningStyle = Automatic;
						TestTargetID = 04745E991E51352C004D5EE1;
					};
				};
			};
			buildConfigurationList = 04745E951E51352C004D5EE1 /* Build configuration list for PBXProject "TableViewLoadImage" */;
			compatibilityVersion = "Xcode 3.2";
			developmentRegion = English;
			hasScannedForEncodings = 0;
			knownRegions = (
				en,
				Base,
			);
			mainGroup = 04745E911E51352C004D5EE1;
			productRefGroup = 04745E9B1E51352D004D5EE1 /* Products */;
			projectDirPath = "";
			projectRoot = "";
			targets = (
				04745E991E51352C004D5EE1 /* TableViewLoadImage */,
				04745EB21E51352D004D5EE1 /* TableViewLoadImageTests */,
				04745EBD1E51352D004D5EE1 /* TableViewLoadImageUITests */,
			);
		};
/* End PBXProject section */

/* Begin PBXResourcesBuildPhase section */
		04745E981E51352C004D5EE1 /* Resources */ = {
			isa = PBXResourcesBuildPhase;
			buildActionMask = 2147483647;
			files = (
				04745EAD1E51352D004D5EE1 /* LaunchScreen.storyboard in Resources */,
				04745EAA1E51352D004D5EE1 /* Assets.xcassets in Resources */,
				04745ED11E514EE2004D5EE1 /* 12.jpeg in Resources */,
				04745EA81E51352D004D5EE1 /* Main.storyboard in Resources */,
			);
			runOnlyForDeploymentPostprocessing = 0;
		};
		04745EB11E51352D004D5EE1 /* Resources */ = {
			isa = PBXResourcesBuildPhase;
			buildActionMask = 2147483647;
			files = (
			);
			runOnlyForDeploymentPostprocessing = 0;
		};
		04745EBC1E51352D004D5EE1 /* Resources */ = {
			isa = PBXResourcesBuildPhase;
			buildActionMask = 2147483647;
			files = (
			);
			runOnlyForDeploymentPostprocessing = 0;
		};
/* End PBXResourcesBuildPhase section */

/* Begin PBXShellScriptBuildPhase section */
		6AD10EFF3D158DE6AFA20220 /* [CP] Check Pods Manifest.lock */ = {
			isa = PBXShellScriptBuildPhase;
			buildActionMask = 2147483647;
			files = (
			);
			inputPaths = (
			);
			name = "[CP] Check Pods Manifest.lock";
			outputPaths = (
			);
			runOnlyForDeploymentPostprocessing = 0;
			shellPath = /bin/sh;
			shellScript = "diff \"${PODS_ROOT}/../Podfile.lock\" \"${PODS_ROOT}/Manifest.lock\" > /dev/null\nif [ $? != 0 ] ; then\n    # print error to STDERR\n    echo \"error: The sandbox is not in sync with the Podfile.lock. Run 'pod install' or update your CocoaPods installation.\" >&2\n    exit 1\nfi\n";
			showEnvVarsInLog = 0;
		};
		89BBA909B1B914D16D07B98E /* [CP] Copy Pods Resources */ = {
			isa = PBXShellScriptBuildPhase;
			buildActionMask = 2147483647;
			files = (
			);
			inputPaths = (
			);
			name = "[CP] Copy Pods Resources";
			outputPaths = (
			);
			runOnlyForDeploymentPostprocessing = 0;
			shellPath = /bin/sh;
			shellScript = "\"${SRCROOT}/Pods/Target Support Files/Pods-TableViewLoadImage/Pods-TableViewLoadImage-resources.sh\"\n";
			showEnvVarsInLog = 0;
		};
		CA7A07A8267E8CDF4A674374 /* [CP] Embed Pods Frameworks */ = {
			isa = PBXShellScriptBuildPhase;
			buildActionMask = 2147483647;
			files = (
			);
			inputPaths = (
			);
			name = "[CP] Embed Pods Frameworks";
			outputPaths = (
			);
			runOnlyForDeploymentPostprocessing = 0;
			shellPath = /bin/sh;
			shellScript = "\"${SRCROOT}/Pods/Target Support Files/Pods-TableViewLoadImage/Pods-TableViewLoadImage-frameworks.sh\"\n";
			showEnvVarsInLog = 0;
		};
/* End PBXShellScriptBuildPhase section */

/* Begin PBXSourcesBuildPhase section */
		04745E961E51352C004D5EE1 /* Sources */ = {
			isa = PBXSourcesBuildPhase;
			buildActionMask = 2147483647;
			files = (
				04745EA51E51352D004D5EE1 /* ViewController.m in Sources */,
				04745EA21E51352D004D5EE1 /* AppDelegate.m in Sources */,
				04745E9F1E51352D004D5EE1 /* main.m in Sources */,
			);
			runOnlyForDeploymentPostprocessing = 0;
		};
		04745EAF1E51352D004D5EE1 /* Sources */ = {
			isa = PBXSourcesBuildPhase;
			buildActionMask = 2147483647;
			files = (
				04745EB81E51352D004D5EE1 /* TableViewLoadImageTests.m in Sources */,
			);
			runOnlyForDeploymentPostprocessing = 0;
		};
		04745EBA1E51352D004D5EE1 /* Sources */ = {
			isa = PBXSourcesBuildPhase;
			buildActionMask = 2147483647;
			files = (
				04745EC31E51352D004D5EE1 /* TableViewLoadImageUITests.m in Sources */,
			);
			runOnlyForDeploymentPostprocessing = 0;
		};
/* End PBXSourcesBuildPhase section */

/* Begin PBXTargetDependency section */
		04745EB51E51352D004D5EE1 /* PBXTargetDependency */ = {
			isa = PBXTargetDependency;
			target = 04745E991E51352C004D5EE1 /* TableViewLoadImage */;
			targetProxy = 04745EB41E51352D004D5EE1 /* PBXContainerItemProxy */;
		};
		04745EC01E51352D004D5EE1 /* PBXTargetDependency */ = {
			isa = PBXTargetDependency;
			target = 04745E991E51352C004D5EE1 /* TableViewLoadImage */;
			targetProxy = 04745EBF1E51352D004D5EE1 /* PBXContainerItemProxy */;
		};
/* End PBXTargetDependency section */

/* Begin PBXVariantGroup section */
		04745EA61E51352D004D5EE1 /* Main.storyboard */ = {
			isa = PBXVariantGroup;
			children = (
				04745EA71E51352D004D5EE1 /* Base */,
			);
			name = Main.storyboard;
			sourceTree = "<group>";
		};
		04745EAB1E51352D004D5EE1 /* LaunchScreen.storyboard */ = {
			isa = PBXVariantGroup;
			children = (
				04745EAC1E51352D004D5EE1 /* Base */,
			);
			name = LaunchScreen.storyboard;
			sourceTree = "<group>";
		};
/* End PBXVariantGroup section */

/* Begin XCBuildConfiguration section */
		04745EC51E51352D004D5EE1 /* Debug */ = {
			isa = XCBuildConfiguration;
			buildSettings = {
				ALWAYS_SEARCH_USER_PATHS = NO;
				CLANG_ANALYZER_NONNULL = YES;
				CLANG_CXX_LANGUAGE_STANDARD = "gnu++0x";
				CLANG_CXX_LIBRARY = "libc++";
				CLANG_ENABLE_MODULES = YES;
				CLANG_ENABLE_OBJC_ARC = YES;
				CLANG_WARN_BOOL_CONVERSION = YES;
				CLANG_WARN_CONSTANT_CONVERSION = YES;
				CLANG_WARN_DIRECT_OBJC_ISA_USAGE = YES_ERROR;
				CLANG_WARN_DOCUMENTATION_COMMENTS = YES;
				CLANG_WARN_EMPTY_BODY = YES;
				CLANG_WARN_ENUM_CONVERSION = YES;
				CLANG_WARN_INFINITE_RECURSION = YES;
				CLANG_WARN_INT_CONVERSION = YES;
				CLANG_WARN_OBJC_ROOT_CLASS = YES_ERROR;
				CLANG_WARN_SUSPICIOUS_MOVES = YES;
				CLANG_WARN_UNREACHABLE_CODE = YES;
				CLANG_WARN__DUPLICATE_METHOD_MATCH = YES;
				"CODE_SIGN_IDENTITY[sdk=iphoneos*]" = "iPhone Developer";
				COPY_PHASE_STRIP = NO;
				DEBUG_INFORMATION_FORMAT = dwarf;
				ENABLE_STRICT_OBJC_MSGSEND = YES;
				ENABLE_TESTABILITY = YES;
				GCC_C_LANGUAGE_STANDARD = gnu99;
				GCC_DYNAMIC_NO_PIC = NO;
				GCC_NO_COMMON_BLOCKS = YES;
				GCC_OPTIMIZATION_LEVEL = 0;
				GCC_PREPROCESSOR_DEFINITIONS = (
					"DEBUG=1",
					"$(inherited)",
				);
				GCC_WARN_64_TO_32_BIT_CONVERSION = YES;
				GCC_WARN_ABOUT_RETURN_TYPE = YES_ERROR;
				GCC_WARN_UNDECLARED_SELECTOR = YES;
				GCC_WARN_UNINITIALIZED_AUTOS = YES_AGGRESSIVE;
				GCC_WARN_UNUSED_FUNCTION = YES;
				GCC_WARN_UNUSED_VARIABLE = YES;
				IPHONEOS_DEPLOYMENT_TARGET = 10.1;
				MTL_ENABLE_DEBUG_INFO = YES;
				ONLY_ACTIVE_ARCH = YES;
				SDKROOT = iphoneos;
				TARGETED_DEVICE_FAMILY = "1,2";
			};
			name = Debug;
		};
		04745EC61E51352D004D5EE1 /* Release */ = {
			isa = XCBuildConfiguration;
			buildSettings = {
				ALWAYS_SEARCH_USER_PATHS = NO;
				CLANG_ANALYZER_NONNULL = YES;
				CLANG_CXX_LANGUAGE_STANDARD = "gnu++0x";
				CLANG_CXX_LIBRARY = "libc++";
				CLANG_ENABLE_MODULES = YES;
				CLANG_ENABLE_OBJC_ARC = YES;
				CLANG_WARN_BOOL_CONVERSION = YES;
				CLANG_WARN_CONSTANT_CONVERSION = YES;
				CLANG_WARN_DIRECT_OBJC_ISA_USAGE = YES_ERROR;
				CLANG_WARN_DOCUMENTATION_COMMENTS = YES;
				CLANG_WARN_EMPTY_BODY = YES;
				CLANG_WARN_ENUM_CONVERSION = YES;
				CLANG_WARN_INFINITE_RECURSION = YES;
				CLANG_WARN_INT_CONVERSION = YES;
				CLANG_WARN_OBJC_ROOT_CLASS = YES_ERROR;
				CLANG_WARN_SUSPICIOUS_MOVES = YES;
				CLANG_WARN_UNREACHABLE_CODE = YES;
				CLANG_WARN__DUPLICATE_METHOD_MATCH = YES;
				"CODE_SIGN_IDENTITY[sdk=iphoneos*]" = "iPhone Developer";
				COPY_PHASE_STRIP = NO;
				DEBUG_INFORMATION_FORMAT = "dwarf-with-dsym";
				ENABLE_NS_ASSERTIONS = NO;
				ENABLE_STRICT_OBJC_MSGSEND = YES;
				GCC_C_LANGUAGE_STANDARD = gnu99;
				GCC_NO_COMMON_BLOCKS = YES;
				GCC_WARN_64_TO_32_BIT_CONVERSION = YES;
				GCC_WARN_ABOUT_RETURN_TYPE = YES_ERROR;
				GCC_WARN_UNDECLARED_SELECTOR = YES;
				GCC_WARN_UNINITIALIZED_AUTOS = YES_AGGRESSIVE;
				GCC_WARN_UNUSED_FUNCTION = YES;
				GCC_WARN_UNUSED_VARIABLE = YES;
				IPHONEOS_DEPLOYMENT_TARGET = 10.1;
				MTL_ENABLE_DEBUG_INFO = NO;
				SDKROOT = iphoneos;
				TARGETED_DEVICE_FAMILY = "1,2";
				VALIDATE_PRODUCT = YES;
			};
			name = Release;
		};
		04745EC81E51352D004D5EE1 /* Debug */ = {
			isa = XCBuildConfiguration;
			baseConfigurationReference = 01FCAD0FDE13D40FDB335926 /* Pods-TableViewLoadImage.debug.xcconfig */;
			buildSettings = {
				ASSETCATALOG_COMPILER_APPICON_NAME = AppIcon;
				DEVELOPMENT_TEAM = A8X9HM6ZW7;
				INFOPLIST_FILE = TableViewLoadImage/Info.plist;
				IPHONEOS_DEPLOYMENT_TARGET = 8.0;
				LD_RUNPATH_SEARCH_PATHS = "$(inherited) @executable_path/Frameworks";
				PRODUCT_BUNDLE_IDENTIFIER = com.fzf.TableViewLoadImage;
				PRODUCT_NAME = "$(TARGET_NAME)";
			};
			name = Debug;
		};
		04745EC91E51352D004D5EE1 /* Release */ = {
			isa = XCBuildConfiguration;
			baseConfigurationReference = 37F7D0B4DDF6984211980ECB /* Pods-TableViewLoadImage.release.xcconfig */;
			buildSettings = {
				ASSETCATALOG_COMPILER_APPICON_NAME = AppIcon;
				DEVELOPMENT_TEAM = A8X9HM6ZW7;
				INFOPLIST_FILE = TableViewLoadImage/Info.plist;
				IPHONEOS_DEPLOYMENT_TARGET = 8.0;
				LD_RUNPATH_SEARCH_PATHS = "$(inherited) @executable_path/Frameworks";
				PRODUCT_BUNDLE_IDENTIFIER = com.fzf.TableViewLoadImage;
				PRODUCT_NAME = "$(TARGET_NAME)";
			};
			name = Release;
		};
		04745ECB1E51352D004D5EE1 /* Debug */ = {
			isa = XCBuildConfiguration;
			buildSettings = {
				BUNDLE_LOADER = "$(TEST_HOST)";
				INFOPLIST_FILE = TableViewLoadImageTests/Info.plist;
				LD_RUNPATH_SEARCH_PATHS = "$(inherited) @executable_path/Frameworks @loader_path/Frameworks";
				PRODUCT_BUNDLE_IDENTIFIER = com.fzf.TableViewLoadImageTests;
				PRODUCT_NAME = "$(TARGET_NAME)";
				TEST_HOST = "$(BUILT_PRODUCTS_DIR)/TableViewLoadImage.app/TableViewLoadImage";
			};
			name = Debug;
		};
		04745ECC1E51352D004D5EE1 /* Release */ = {
			isa = XCBuildConfiguration;
			buildSettings = {
				BUNDLE_LOADER = "$(TEST_HOST)";
				INFOPLIST_FILE = TableViewLoadImageTests/Info.plist;
				LD_RUNPATH_SEARCH_PATHS = "$(inherited) @executable_path/Frameworks @loader_path/Frameworks";
				PRODUCT_BUNDLE_IDENTIFIER = com.fzf.TableViewLoadImageTests;
				PRODUCT_NAME = "$(TARGET_NAME)";
				TEST_HOST = "$(BUILT_PRODUCTS_DIR)/TableViewLoadImage.app/TableViewLoadImage";
			};
			name = Release;
		};
		04745ECE1E51352D004D5EE1 /* Debug */ = {
			isa = XCBuildConfiguration;
			buildSettings = {
				INFOPLIST_FILE = TableViewLoadImageUITests/Info.plist;
				LD_RUNPATH_SEARCH_PATHS = "$(inherited) @executable_path/Frameworks @loader_path/Frameworks";
				PRODUCT_BUNDLE_IDENTIFIER = com.fzf.TableViewLoadImageUITests;
				PRODUCT_NAME = "$(TARGET_NAME)";
				TEST_TARGET_NAME = TableViewLoadImage;
			};
			name = Debug;
		};
		04745ECF1E51352D004D5EE1 /* Release */ = {
			isa = XCBuildConfiguration;
			buildSettings = {
				INFOPLIST_FILE = TableViewLoadImageUITests/Info.plist;
				LD_RUNPATH_SEARCH_PATHS = "$(inherited) @executable_path/Frameworks @loader_path/Frameworks";
				PRODUCT_BUNDLE_IDENTIFIER = com.fzf.TableViewLoadImageUITests;
				PRODUCT_NAME = "$(TARGET_NAME)";
				TEST_TARGET_NAME = TableViewLoadImage;
			};
			name = Release;
		};
/* End XCBuildConfiguration section */

/* Begin XCConfigurationList section */
		04745E951E51352C004D5EE1 /* Build configuration list for PBXProject "TableViewLoadImage" */ = {
			isa = XCConfigurationList;
			buildConfigurations = (
				04745EC51E51352D004D5EE1 /* Debug */,
				04745EC61E51352D004D5EE1 /* Release */,
			);
			defaultConfigurationIsVisible = 0;
			defaultConfigurationName = Release;
		};
		04745EC71E51352D004D5EE1 /* Build configuration list for PBXNativeTarget "TableViewLoadImage" */ = {
			isa = XCConfigurationList;
			buildConfigurations = (
				04745EC81E51352D004D5EE1 /* Debug */,
				04745EC91E51352D004D5EE1 /* Release */,
			);
			defaultConfigurationIsVisible = 0;
			defaultConfigurationName = Release;
		};
		04745ECA1E51352D004D5EE1 /* Build configuration list for PBXNativeTarget "TableViewLoadImageTests" */ = {
			isa = XCConfigurationList;
			buildConfigurations = (
				04745ECB1E51352D004D5EE1 /* Debug */,
				04745ECC1E51352D004D5EE1 /* Release */,
			);
			defaultConfigurationIsVisible = 0;
			defaultConfigurationName = Release;
		};
		04745ECD1E51352D004D5EE1 /* Build configuration list for PBXNativeTarget "TableViewLoadImageUITests" */ = {
			isa = XCConfigurationList;
			buildConfigurations = (
				04745ECE1E51352D004D5EE1 /* Debug */,
				04745ECF1E51352D004D5EE1 /* Release */,
			);
			defaultConfigurationIsVisible = 0;
			defaultConfigurationName = Release;
		};
/* End XCConfigurationList section */
	};
	rootObject = 04745E921E51352C004D5EE1 /* Project object */;
}
